
Microsoft Visual Studio Solution File, Format Version 11.00
# Visual Studio 2010
Project("{FAE04EC0-301F-11D3-BF4B-00C04F79EFBC}") = "Assembly-CSharp", "Assembly-CSharp.csproj", "{e83e03ab-e4d1-088e-f5c5-33fe2d13b85f}"
EndProject
Project("{FAE04EC0-301F-11D3-BF4B-00C04F79EFBC}") = "Assembly-CSharp-Editor", "Assembly-CSharp-Editor.csproj", "{95d7f6e8-4e36-b06c-2b71-7773b8149a02}"
EndProject
Global
	GlobalSection(SolutionConfigurationPlatforms) = preSolution
		Debug|Any CPU = Debug|Any CPU
	EndGlobalSection
	GlobalSection(ProjectConfigurationPlatforms) = postSolution
		{e83e03ab-e4d1-088e-f5c5-33fe2d13b85f}.Debug|Any CPU.ActiveCfg = Debug|Any CPU
		{e83e03ab-e4d1-088e-f5c5-33fe2d13b85f}.Debug|Any CPU.Build.0 = Debug|Any CPU
		{95d7f6e8-4e36-b06c-2b71-7773b8149a02}.Debug|Any CPU.ActiveCfg = Debug|Any CPU
		{95d7f6e8-4e36-b06c-2b71-7773b8149a02}.Debug|Any CPU.Build.0 = Debug|Any CPU
	EndGlobalSection
	GlobalSection(SolutionProperties) = preSolution
		HideSolutionNode = FALSE
	EndGlobalSection
EndGlobal
